
Microsoft Visual Studio Solution File, Format Version 12.00
# Visual Studio Version 16
VisualStudioVersion = 16.0.29503.13
MinimumVisualStudioVersion = 10.0.40219.1
Project("{FAE04EC0-301F-11D3-BF4B-00C04F79EFBC}") = "WebApplication1", "WebApplication1\WebApplication1.csproj", "{22A3B3AB-F0DC-4BA9-8E7A-F6E23325BED3}"
EndProject
Project("{FAE04EC0-301F-11D3-BF4B-00C04F79EFBC}") = "UnitTestProject1", "UnitTestProject1\UnitTestProject1.csproj", "{373AA541-50AA-4BF1-8F71-349661D58797}"
EndProject
Global
	GlobalSection(SolutionConfigurationPlatforms) = preSolution
		Debug|Any CPU = Debug|Any CPU
		Release|Any CPU = Release|Any CPU
	EndGlobalSection
	GlobalSection(ProjectConfigurationPlatforms) = postSolution
		{22A3B3AB-F0DC-4BA9-8E7A-F6E23325BED3}.Debug|Any CPU.ActiveCfg = Debug|Any CPU
		{22A3B3AB-F0DC-4BA9-8E7A-F6E23325BED3}.Debug|Any CPU.Build.0 = Debug|Any CPU
		{22A3B3AB-F0DC-4BA9-8E7A-F6E23325BED3}.Release|Any CPU.ActiveCfg = Release|Any CPU
		{22A3B3AB-F0DC-4BA9-8E7A-F6E23325BED3}.Release|Any CPU.Build.0 = Release|Any CPU
		{373AA541-50AA-4BF1-8F71-349661D58797}.Debug|Any CPU.ActiveCfg = Debug|Any CPU
		{373AA541-50AA-4BF1-8F71-349661D58797}.Debug|Any CPU.Build.0 = Debug|Any CPU
		{373AA541-50AA-4BF1-8F71-349661D58797}.Release|Any CPU.ActiveCfg = Release|Any CPU
		{373AA541-50AA-4BF1-8F71-349661D58797}.Release|Any CPU.Build.0 = Release|Any CPU
	EndGlobalSection
	GlobalSection(SolutionProperties) = preSolution
		HideSolutionNode = FALSE
	EndGlobalSection
	GlobalSection(ExtensibilityGlobals) = postSolution
		SolutionGuid = {FF730A10-A4EC-4680-B3F4-053EFED020F3}
	EndGlobalSection
EndGlobal
